
Microsoft Visual Studio Solution File, Format Version 12.00
# Visual Studio Version 16
VisualStudioVersion = 16.0.29613.14
MinimumVisualStudioVersion = 10.0.40219.1
Project("{FAE04EC0-301F-11D3-BF4B-00C04F79EFBC}") = "Dijkstra's algorithm", "Dijkstra's algorithm.csproj", "{7D9C7FE8-4090-4503-AA08-39883DC36BB2}"
EndProject
Global
	GlobalSection(SolutionConfigurationPlatforms) = preSolution
		Debug|Any CPU = Debug|Any CPU
		Release|Any CPU = Release|Any CPU
	EndGlobalSection
	GlobalSection(ProjectConfigurationPlatforms) = postSolution
		{7D9C7FE8-4090-4503-AA08-39883DC36BB2}.Debug|Any CPU.ActiveCfg = Debug|Any CPU
		{7D9C7FE8-4090-4503-AA08-39883DC36BB2}.Debug|Any CPU.Build.0 = Debug|Any CPU
		{7D9C7FE8-4090-4503-AA08-39883DC36BB2}.Release|Any CPU.ActiveCfg = Release|Any CPU
		{7D9C7FE8-4090-4503-AA08-39883DC36BB2}.Release|Any CPU.Build.0 = Release|Any CPU
	EndGlobalSection
	GlobalSection(SolutionProperties) = preSolution
		HideSolutionNode = FALSE
	EndGlobalSection
	GlobalSection(ExtensibilityGlobals) = postSolution
		SolutionGuid = {F85EC52B-4AEB-4D6C-8830-0C84711EA66C}
	EndGlobalSection
EndGlobal
